
Microsoft Visual Studio Solution File, Format Version 12.00
# Visual Studio 15
VisualStudioVersion = 15.0.28010.2019
MinimumVisualStudioVersion = 10.0.40219.1
Project("{9A19103F-16F7-4668-BE54-9A1E7A4F7556}") = "MoneySmart.API", "MoneySmart\MoneySmart.API.csproj", "{0527A1F6-893C-408A-8AC5-97B2217E732A}"
EndProject
Global
	GlobalSection(SolutionConfigurationPlatforms) = preSolution
		Debug|Any CPU = Debug|Any CPU
		Release|Any CPU = Release|Any CPU
	EndGlobalSection
	GlobalSection(ProjectConfigurationPlatforms) = postSolution
		{0527A1F6-893C-408A-8AC5-97B2217E732A}.Debug|Any CPU.ActiveCfg = Debug|Any CPU
		{0527A1F6-893C-408A-8AC5-97B2217E732A}.Debug|Any CPU.Build.0 = Debug|Any CPU
		{0527A1F6-893C-408A-8AC5-97B2217E732A}.Release|Any CPU.ActiveCfg = Release|Any CPU
		{0527A1F6-893C-408A-8AC5-97B2217E732A}.Release|Any CPU.Build.0 = Release|Any CPU
	EndGlobalSection
	GlobalSection(SolutionProperties) = preSolution
		HideSolutionNode = FALSE
	EndGlobalSection
	GlobalSection(ExtensibilityGlobals) = postSolution
		SolutionGuid = {AF95656D-CD36-47B9-A530-2F138C1AF425}
	EndGlobalSection
EndGlobal
